PODS:
  - Kingfisher (7.6.2)
  - SwiftLint (0.49.1)

DEPENDENCIES:
  - Kingfisher
  - SwiftLint

SPEC REPOS:
  trunk:
    - Kingfisher
    - SwiftLint

SPEC CHECKSUMS:
  Kingfisher: 6c5449c6450c5239166510ba04afe374a98afc4f
  SwiftLint: 32ee33ded0636d0905ef6911b2b67bbaeeedafa5

PODFILE CHECKSUM: f597b3ecd90dd1787af43663a33225a2e2fb5272

COCOAPODS: 1.13.0
