// !$*UTF8*$!
{
	archiveVersion = 1;
	classes = {
	};
	objectVersion = 56;
	objects = {

/* Begin PBXBuildFile section */
		1F0860FF29D33EF9007CA6FE /* MovieInfoApiEntity.swift in Sources */ = {isa = PBXBuildFile; fileRef = 1F0860FE29D33EF9007CA6FE /* MovieInfoApiEntity.swift */; };
		1F08610129D342A0007CA6FE /* LanguageType.swift in Sources */ = {isa = PBXBuildFile; fileRef = 1F08610029D342A0007CA6FE /* LanguageType.swift */; };
		1F12A20529CDE6880085A7CC /* MovieListPresenter.swift in Sources */ = {isa = PBXBuildFile; fileRef = 1F12A20429CDE6880085A7CC /* MovieListPresenter.swift */; };
		1F35D66C29D31A3E004167A3 /* Constants.swift in Sources */ = {isa = PBXBuildFile; fileRef = 1F35D66B29D31A3E004167A3 /* Constants.swift */; };
		1F35D66F29D32F72004167A3 /* MoviesInfoViewController.swift in Sources */ = {isa = PBXBuildFile; fileRef = 1F35D66E29D32F72004167A3 /* MoviesInfoViewController.swift */; };
		1F35D67129D32F95004167A3 /* MoviesInfoViewController.storyboard in Resources */ = {isa = PBXBuildFile; fileRef = 1F35D67029D32F94004167A3 /* MoviesInfoViewController.storyboard */; };
		1F5C5D0229D44B370014FD97 /* MovieInfoExtention.swift in Sources */ = {isa = PBXBuildFile; fileRef = 1F5C5D0129D44B370014FD97 /* MovieInfoExtention.swift */; };
		1F94D5C329CD87F9003BB8C8 /* AppDelegate.swift in Sources */ = {isa = PBXBuildFile; fileRef = 1F94D5C229CD87F9003BB8C8 /* AppDelegate.swift */; };
		1F94D5CC29CD87FB003BB8C8 /* Assets.xcassets in Resources */ = {isa = PBXBuildFile; fileRef = 1F94D5CB29CD87FB003BB8C8 /* Assets.xcassets */; };
		1F94D5CF29CD87FB003BB8C8 /* LaunchScreen.storyboard in Resources */ = {isa = PBXBuildFile; fileRef = 1F94D5CD29CD87FB003BB8C8 /* LaunchScreen.storyboard */; };
		1F94D5DA29CD87FC003BB8C8 /* TestTaskTests.swift in Sources */ = {isa = PBXBuildFile; fileRef = 1F94D5D929CD87FC003BB8C8 /* TestTaskTests.swift */; };
		1F94D5E429CD87FC003BB8C8 /* TestTaskUITests.swift in Sources */ = {isa = PBXBuildFile; fileRef = 1F94D5E329CD87FC003BB8C8 /* TestTaskUITests.swift */; };
		1F94D5E629CD87FC003BB8C8 /* TestTaskUITestsLaunchTests.swift in Sources */ = {isa = PBXBuildFile; fileRef = 1F94D5E529CD87FC003BB8C8 /* TestTaskUITestsLaunchTests.swift */; };
		1F94D60429CD8B5C003BB8C8 /* MainTabBarPresenter.swift in Sources */ = {isa = PBXBuildFile; fileRef = 1F94D5FA29CD8B5C003BB8C8 /* MainTabBarPresenter.swift */; };
		1F94D60529CD8B5C003BB8C8 /* MainTabBarItems.swift in Sources */ = {isa = PBXBuildFile; fileRef = 1F94D5FC29CD8B5C003BB8C8 /* MainTabBarItems.swift */; };
		1F94D60629CD8B5C003BB8C8 /* MainTabBarBuilder.swift in Sources */ = {isa = PBXBuildFile; fileRef = 1F94D5FD29CD8B5C003BB8C8 /* MainTabBarBuilder.swift */; };
		1F94D60729CD8B5C003BB8C8 /* MainTabBarController.swift in Sources */ = {isa = PBXBuildFile; fileRef = 1F94D5FE29CD8B5C003BB8C8 /* MainTabBarController.swift */; };
		1F94D60829CD8B5C003BB8C8 /* MainTabBarInteractor.swift in Sources */ = {isa = PBXBuildFile; fileRef = 1F94D5FF29CD8B5C003BB8C8 /* MainTabBarInteractor.swift */; };
		1F94D60929CD8B5C003BB8C8 /* MainTabBarRouter.swift in Sources */ = {isa = PBXBuildFile; fileRef = 1F94D60029CD8B5C003BB8C8 /* MainTabBarRouter.swift */; };
		1F94D60A29CD8B5C003BB8C8 /* MainTabBarWorker.swift in Sources */ = {isa = PBXBuildFile; fileRef = 1F94D60129CD8B5C003BB8C8 /* MainTabBarWorker.swift */; };
		1F94D60B29CD8B5C003BB8C8 /* MainTabBarModels.swift in Sources */ = {isa = PBXBuildFile; fileRef = 1F94D60229CD8B5C003BB8C8 /* MainTabBarModels.swift */; };
		1F94D60C29CD8B5C003BB8C8 /* MainTabBarController.storyboard in Resources */ = {isa = PBXBuildFile; fileRef = 1F94D60329CD8B5C003BB8C8 /* MainTabBarController.storyboard */; };
		1F94D61629CD8F1E003BB8C8 /* Strings.swift in Sources */ = {isa = PBXBuildFile; fileRef = 1F94D60F29CD8F1D003BB8C8 /* Strings.swift */; };
		1F94D61729CD8F1E003BB8C8 /* Assets.swift in Sources */ = {isa = PBXBuildFile; fileRef = 1F94D61029CD8F1D003BB8C8 /* Assets.swift */; };
		1F94D62029CD9065003BB8C8 /* Colors.xcassets in Resources */ = {isa = PBXBuildFile; fileRef = 1F94D61F29CD9065003BB8C8 /* Colors.xcassets */; };
		1F94D62629CD9458003BB8C8 /* Localizable.strings in Resources */ = {isa = PBXBuildFile; fileRef = 1F94D62429CD9458003BB8C8 /* Localizable.strings */; };
		1F94D62929CD9975003BB8C8 /* Language.swift in Sources */ = {isa = PBXBuildFile; fileRef = 1F94D62829CD9975003BB8C8 /* Language.swift */; };
		1F94D62D29CD99BD003BB8C8 /* LanguageManager.swift in Sources */ = {isa = PBXBuildFile; fileRef = 1F94D62C29CD99BD003BB8C8 /* LanguageManager.swift */; };
		1F94D63029CD9BDE003BB8C8 /* Extension+UIView.swift in Sources */ = {isa = PBXBuildFile; fileRef = 1F94D62F29CD9BDE003BB8C8 /* Extension+UIView.swift */; };
		1F94D63229CD9C3C003BB8C8 /* Extension+UIViewController.swift in Sources */ = {isa = PBXBuildFile; fileRef = 1F94D63129CD9C3C003BB8C8 /* Extension+UIViewController.swift */; };
		1F94D63429CD9D69003BB8C8 /* Assets+Extension.swift in Sources */ = {isa = PBXBuildFile; fileRef = 1F94D63329CD9D68003BB8C8 /* Assets+Extension.swift */; };
		1F94D64D29CDA818003BB8C8 /* MovieListTableViewCell.swift in Sources */ = {isa = PBXBuildFile; fileRef = 1F94D64B29CDA818003BB8C8 /* MovieListTableViewCell.swift */; };
		1F94D64E29CDA818003BB8C8 /* MovieListTableViewCell.xib in Resources */ = {isa = PBXBuildFile; fileRef = 1F94D64C29CDA818003BB8C8 /* MovieListTableViewCell.xib */; };
		1F9E170629D418DD00BBFFA1 /* MoviesInfoPresenter.swift in Sources */ = {isa = PBXBuildFile; fileRef = 1F9E170529D418DD00BBFFA1 /* MoviesInfoPresenter.swift */; };
		1FB4404C29D18352000F1E26 /* UpcomingApiEntity.swift in Sources */ = {isa = PBXBuildFile; fileRef = 1FB4404B29D18352000F1E26 /* UpcomingApiEntity.swift */; };
		1FB4404F29D183DA000F1E26 /* ApiEndpoints.swift in Sources */ = {isa = PBXBuildFile; fileRef = 1FB4404E29D183DA000F1E26 /* ApiEndpoints.swift */; };
		1FB4405429D18556000F1E26 /* UpcomingAPI.swift in Sources */ = {isa = PBXBuildFile; fileRef = 1FB4405329D18556000F1E26 /* UpcomingAPI.swift */; };
		1FB4405C29D1879C000F1E26 /* APIService.swift in Sources */ = {isa = PBXBuildFile; fileRef = 1FB4405829D1879B000F1E26 /* APIService.swift */; };
		1FB4405D29D1879C000F1E26 /* JSONParserServiceProtocol.swift in Sources */ = {isa = PBXBuildFile; fileRef = 1FB4405929D1879B000F1E26 /* JSONParserServiceProtocol.swift */; };
		1FB4405E29D1879C000F1E26 /* HTTPClient.swift in Sources */ = {isa = PBXBuildFile; fileRef = 1FB4405A29D1879C000F1E26 /* HTTPClient.swift */; };
		1FB4406629D18866000F1E26 /* AccessDataEntity.swift in Sources */ = {isa = PBXBuildFile; fileRef = 1FB4406329D18865000F1E26 /* AccessDataEntity.swift */; };
		1FB4406729D18866000F1E26 /* Keychain.swift in Sources */ = {isa = PBXBuildFile; fileRef = 1FB4406429D18865000F1E26 /* Keychain.swift */; };
		1FB4406829D18866000F1E26 /* SecureStorage.swift in Sources */ = {isa = PBXBuildFile; fileRef = 1FB4406529D18865000F1E26 /* SecureStorage.swift */; };
		1FB4406B29D18901000F1E26 /* Base.swift in Sources */ = {isa = PBXBuildFile; fileRef = 1FB4406A29D18901000F1E26 /* Base.swift */; };
		1FB4406D29D189C0000F1E26 /* String+Extension.swift in Sources */ = {isa = PBXBuildFile; fileRef = 1FB4406C29D189C0000F1E26 /* String+Extension.swift */; };
		1FBB9BD729CDB6FA005ED585 /* MovieListTableViewController.swift in Sources */ = {isa = PBXBuildFile; fileRef = 1FBB9BD629CDB6FA005ED585 /* MovieListTableViewController.swift */; };
		1FBB9BD929CDB727005ED585 /* MovieListTableViewController.storyboard in Resources */ = {isa = PBXBuildFile; fileRef = 1FBB9BD829CDB727005ED585 /* MovieListTableViewController.storyboard */; };
		1FBB9BDC29CDB84C005ED585 /* Extension+UITableView.swift in Sources */ = {isa = PBXBuildFile; fileRef = 1FBB9BDA29CDB84C005ED585 /* Extension+UITableView.swift */; };
		1FBB9BDD29CDB84C005ED585 /* Extension+UICollectionView.swift in Sources */ = {isa = PBXBuildFile; fileRef = 1FBB9BDB29CDB84C005ED585 /* Extension+UICollectionView.swift */; };
/* End PBXBuildFile section */

/* Begin PBXContainerItemProxy section */
		1F94D5D629CD87FC003BB8C8 /* PBXContainerItemProxy */ = {
			isa = PBXContainerItemProxy;
			containerPortal = 1F94D5B729CD87F9003BB8C8 /* Project object */;
			proxyType = 1;
			remoteGlobalIDString = 1F94D5BE29CD87F9003BB8C8;
			remoteInfo = TestTask;
		};
		1F94D5E029CD87FC003BB8C8 /* PBXContainerItemProxy */ = {
			isa = PBXContainerItemProxy;
			containerPortal = 1F94D5B729CD87F9003BB8C8 /* Project object */;
			proxyType = 1;
			remoteGlobalIDString = 1F94D5BE29CD87F9003BB8C8;
			remoteInfo = TestTask;
		};
/* End PBXContainerItemProxy section */

/* Begin PBXFileReference section */
		1F0860FE29D33EF9007CA6FE /* MovieInfoApiEntity.swift */ = {isa = PBXFileReference; lastKnownFileType = sourcecode.swift; path = MovieInfoApiEntity.swift; sourceTree = "<group>"; };
		1F08610029D342A0007CA6FE /* LanguageType.swift */ = {isa = PBXFileReference; lastKnownFileType = sourcecode.swift; path = LanguageType.swift; sourceTree = "<group>"; };
		1F12A20429CDE6880085A7CC /* MovieListPresenter.swift */ = {isa = PBXFileReference; lastKnownFileType = sourcecode.swift; path = MovieListPresenter.swift; sourceTree = "<group>"; };
		1F35D66B29D31A3E004167A3 /* Constants.swift */ = {isa = PBXFileReference; lastKnownFileType = sourcecode.swift; path = Constants.swift; sourceTree = "<group>"; };
		1F35D66E29D32F72004167A3 /* MoviesInfoViewController.swift */ = {isa = PBXFileReference; lastKnownFileType = sourcecode.swift; path = MoviesInfoViewController.swift; sourceTree = "<group>"; };
		1F35D67029D32F94004167A3 /* MoviesInfoViewController.storyboard */ = {isa = PBXFileReference; lastKnownFileType = file.storyboard; path = MoviesInfoViewController.storyboard; sourceTree = "<group>"; };
		1F5C5D0129D44B370014FD97 /* MovieInfoExtention.swift */ = {isa = PBXFileReference; lastKnownFileType = sourcecode.swift; path = MovieInfoExtention.swift; sourceTree = "<group>"; };
		1F94D5BF29CD87F9003BB8C8 /* TestTask.app */ = {isa = PBXFileReference; explicitFileType = wrapper.application; includeInIndex = 0; path = TestTask.app; sourceTree = BUILT_PRODUCTS_DIR; };
		1F94D5C229CD87F9003BB8C8 /* AppDelegate.swift */ = {isa = PBXFileReference; lastKnownFileType = sourcecode.swift; path = AppDelegate.swift; sourceTree = "<group>"; };
		1F94D5CB29CD87FB003BB8C8 /* Assets.xcassets */ = {isa = PBXFileReference; lastKnownFileType = folder.assetcatalog; path = Assets.xcassets; sourceTree = "<group>"; };
		1F94D5CE29CD87FB003BB8C8 /* Base */ = {isa = PBXFileReference; lastKnownFileType = file.storyboard; name = Base; path = Base.lproj/LaunchScreen.storyboard; sourceTree = "<group>"; };
		1F94D5D029CD87FB003BB8C8 /* Info.plist */ = {isa = PBXFileReference; lastKnownFileType = text.plist.xml; path = Info.plist; sourceTree = "<group>"; };
		1F94D5D529CD87FC003BB8C8 /* TestTaskTests.xctest */ = {isa = PBXFileReference; explicitFileType = wrapper.cfbundle; includeInIndex = 0; path = TestTaskTests.xctest; sourceTree = BUILT_PRODUCTS_DIR; };
		1F94D5D929CD87FC003BB8C8 /* TestTaskTests.swift */ = {isa = PBXFileReference; lastKnownFileType = sourcecode.swift; path = TestTaskTests.swift; sourceTree = "<group>"; };
		1F94D5DF29CD87FC003BB8C8 /* TestTaskUITests.xctest */ = {isa = PBXFileReference; explicitFileType = wrapper.cfbundle; includeInIndex = 0; path = TestTaskUITests.xctest; sourceTree = BUILT_PRODUCTS_DIR; };
		1F94D5E329CD87FC003BB8C8 /* TestTaskUITests.swift */ = {isa = PBXFileReference; lastKnownFileType = sourcecode.swift; path = TestTaskUITests.swift; sourceTree = "<group>"; };
		1F94D5E529CD87FC003BB8C8 /* TestTaskUITestsLaunchTests.swift */ = {isa = PBXFileReference; lastKnownFileType = sourcecode.swift; path = TestTaskUITestsLaunchTests.swift; sourceTree = "<group>"; };
		1F94D5FA29CD8B5C003BB8C8 /* MainTabBarPresenter.swift */ = {isa = PBXFileReference; fileEncoding = 4; lastKnownFileType = sourcecode.swift; path = MainTabBarPresenter.swift; sourceTree = "<group>"; };
		1F94D5FC29CD8B5C003BB8C8 /* MainTabBarItems.swift */ = {isa = PBXFileReference; fileEncoding = 4; lastKnownFileType = sourcecode.swift; path = MainTabBarItems.swift; sourceTree = "<group>"; };
		1F94D5FD29CD8B5C003BB8C8 /* MainTabBarBuilder.swift */ = {isa = PBXFileReference; fileEncoding = 4; lastKnownFileType = sourcecode.swift; path = MainTabBarBuilder.swift; sourceTree = "<group>"; };
		1F94D5FE29CD8B5C003BB8C8 /* MainTabBarController.swift */ = {isa = PBXFileReference; fileEncoding = 4; lastKnownFileType = sourcecode.swift; path = MainTabBarController.swift; sourceTree = "<group>"; };
		1F94D5FF29CD8B5C003BB8C8 /* MainTabBarInteractor.swift */ = {isa = PBXFileReference; fileEncoding = 4; lastKnownFileType = sourcecode.swift; path = MainTabBarInteractor.swift; sourceTree = "<group>"; };
		1F94D60029CD8B5C003BB8C8 /* MainTabBarRouter.swift */ = {isa = PBXFileReference; fileEncoding = 4; lastKnownFileType = sourcecode.swift; path = MainTabBarRouter.swift; sourceTree = "<group>"; };
		1F94D60129CD8B5C003BB8C8 /* MainTabBarWorker.swift */ = {isa = PBXFileReference; fileEncoding = 4; lastKnownFileType = sourcecode.swift; path = MainTabBarWorker.swift; sourceTree = "<group>"; };
		1F94D60229CD8B5C003BB8C8 /* MainTabBarModels.swift */ = {isa = PBXFileReference; fileEncoding = 4; lastKnownFileType = sourcecode.swift; path = MainTabBarModels.swift; sourceTree = "<group>"; };
		1F94D60329CD8B5C003BB8C8 /* MainTabBarController.storyboard */ = {isa = PBXFileReference; fileEncoding = 4; lastKnownFileType = file.storyboard; path = MainTabBarController.storyboard; sourceTree = "<group>"; };
		1F94D60F29CD8F1D003BB8C8 /* Strings.swift */ = {isa = PBXFileReference; fileEncoding = 4; lastKnownFileType = sourcecode.swift; path = Strings.swift; sourceTree = "<group>"; };
		1F94D61029CD8F1D003BB8C8 /* Assets.swift */ = {isa = PBXFileReference; fileEncoding = 4; lastKnownFileType = sourcecode.swift; path = Assets.swift; sourceTree = "<group>"; };
		1F94D61F29CD9065003BB8C8 /* Colors.xcassets */ = {isa = PBXFileReference; lastKnownFileType = folder.assetcatalog; path = Colors.xcassets; sourceTree = "<group>"; };
		1F94D62529CD9458003BB8C8 /* en */ = {isa = PBXFileReference; lastKnownFileType = text.plist.strings; name = en; path = Localizable.strings; sourceTree = "<group>"; };
		1F94D62829CD9975003BB8C8 /* Language.swift */ = {isa = PBXFileReference; fileEncoding = 4; lastKnownFileType = sourcecode.swift; path = Language.swift; sourceTree = "<group>"; };
		1F94D62C29CD99BD003BB8C8 /* LanguageManager.swift */ = {isa = PBXFileReference; fileEncoding = 4; lastKnownFileType = sourcecode.swift; path = LanguageManager.swift; sourceTree = "<group>"; };
		1F94D62F29CD9BDE003BB8C8 /* Extension+UIView.swift */ = {isa = PBXFileReference; fileEncoding = 4; lastKnownFileType = sourcecode.swift; path = "Extension+UIView.swift"; sourceTree = "<group>"; };
		1F94D63129CD9C3C003BB8C8 /* Extension+UIViewController.swift */ = {isa = PBXFileReference; fileEncoding = 4; lastKnownFileType = sourcecode.swift; path = "Extension+UIViewController.swift"; sourceTree = "<group>"; };
		1F94D63329CD9D68003BB8C8 /* Assets+Extension.swift */ = {isa = PBXFileReference; fileEncoding = 4; lastKnownFileType = sourcecode.swift; path = "Assets+Extension.swift"; sourceTree = "<group>"; };
		1F94D64B29CDA818003BB8C8 /* MovieListTableViewCell.swift */ = {isa = PBXFileReference; lastKnownFileType = sourcecode.swift; path = MovieListTableViewCell.swift; sourceTree = "<group>"; };
		1F94D64C29CDA818003BB8C8 /* MovieListTableViewCell.xib */ = {isa = PBXFileReference; lastKnownFileType = file.xib; path = MovieListTableViewCell.xib; sourceTree = "<group>"; };
		1F9E170529D418DD00BBFFA1 /* MoviesInfoPresenter.swift */ = {isa = PBXFileReference; lastKnownFileType = sourcecode.swift; path = MoviesInfoPresenter.swift; sourceTree = "<group>"; };
		1FB4404B29D18352000F1E26 /* UpcomingApiEntity.swift */ = {isa = PBXFileReference; lastKnownFileType = sourcecode.swift; path = UpcomingApiEntity.swift; sourceTree = "<group>"; };
		1FB4404E29D183DA000F1E26 /* ApiEndpoints.swift */ = {isa = PBXFileReference; lastKnownFileType = sourcecode.swift; path = ApiEndpoints.swift; sourceTree = "<group>"; };
		1FB4405329D18556000F1E26 /* UpcomingAPI.swift */ = {isa = PBXFileReference; lastKnownFileType = sourcecode.swift; path = UpcomingAPI.swift; sourceTree = "<group>"; };
		1FB4405829D1879B000F1E26 /* APIService.swift */ = {isa = PBXFileReference; fileEncoding = 4; lastKnownFileType = sourcecode.swift; path = APIService.swift; sourceTree = "<group>"; };
		1FB4405929D1879B000F1E26 /* JSONParserServiceProtocol.swift */ = {isa = PBXFileReference; fileEncoding = 4; lastKnownFileType = sourcecode.swift; path = JSONParserServiceProtocol.swift; sourceTree = "<group>"; };
		1FB4405A29D1879C000F1E26 /* HTTPClient.swift */ = {isa = PBXFileReference; fileEncoding = 4; lastKnownFileType = sourcecode.swift; path = HTTPClient.swift; sourceTree = "<group>"; };
		1FB4406329D18865000F1E26 /* AccessDataEntity.swift */ = {isa = PBXFileReference; fileEncoding = 4; lastKnownFileType = sourcecode.swift; path = AccessDataEntity.swift; sourceTree = "<group>"; };
		1FB4406429D18865000F1E26 /* Keychain.swift */ = {isa = PBXFileReference; fileEncoding = 4; lastKnownFileType = sourcecode.swift; path = Keychain.swift; sourceTree = "<group>"; };
		1FB4406529D18865000F1E26 /* SecureStorage.swift */ = {isa = PBXFileReference; fileEncoding = 4; lastKnownFileType = sourcecode.swift; path = SecureStorage.swift; sourceTree = "<group>"; };
		1FB4406A29D18901000F1E26 /* Base.swift */ = {isa = PBXFileReference; fileEncoding = 4; lastKnownFileType = sourcecode.swift; path = Base.swift; sourceTree = "<group>"; };
		1FB4406C29D189C0000F1E26 /* String+Extension.swift */ = {isa = PBXFileReference; fileEncoding = 4; lastKnownFileType = sourcecode.swift; path = "String+Extension.swift"; sourceTree = "<group>"; };
		1FBB9BD629CDB6FA005ED585 /* MovieListTableViewController.swift */ = {isa = PBXFileReference; lastKnownFileType = sourcecode.swift; path = MovieListTableViewController.swift; sourceTree = "<group>"; };
		1FBB9BD829CDB727005ED585 /* MovieListTableViewController.storyboard */ = {isa = PBXFileReference; lastKnownFileType = file.storyboard; path = MovieListTableViewController.storyboard; sourceTree = "<group>"; };
		1FBB9BDA29CDB84C005ED585 /* Extension+UITableView.swift */ = {isa = PBXFileReference; fileEncoding = 4; lastKnownFileType = sourcecode.swift; path = "Extension+UITableView.swift"; sourceTree = "<group>"; };
		1FBB9BDB29CDB84C005ED585 /* Extension+UICollectionView.swift */ = {isa = PBXFileReference; fileEncoding = 4; lastKnownFileType = sourcecode.swift; path = "Extension+UICollectionView.swift"; sourceTree = "<group>"; };
/* End PBXFileReference section */

/* Begin PBXFrameworksBuildPhase section */
		1F94D5BC29CD87F9003BB8C8 /* Frameworks */ = {
			isa = PBXFrameworksBuildPhase;
			buildActionMask = 2147483647;
			files = (
			);
			runOnlyForDeploymentPostprocessing = 0;
		};
		1F94D5D229CD87FC003BB8C8 /* Frameworks */ = {
			isa = PBXFrameworksBuildPhase;
			buildActionMask = 2147483647;
			files = (
			);
			runOnlyForDeploymentPostprocessing = 0;
		};
		1F94D5DC29CD87FC003BB8C8 /* Frameworks */ = {
			isa = PBXFrameworksBuildPhase;
			buildActionMask = 2147483647;
			files = (
			);
			runOnlyForDeploymentPostprocessing = 0;
		};
/* End PBXFrameworksBuildPhase section */

/* Begin PBXGroup section */
		1F12A1F729CDDCF90085A7CC /* Network */ = {
			isa = PBXGroup;
			children = (
				1FB4406929D188DA000F1E26 /* Entities */,
				1FB4405729D18740000F1E26 /* Endpoints */,
				1FB4404D29D183C5000F1E26 /* Base */,
				1FB4405229D18514000F1E26 /* Request */,
			);
			path = Network;
			sourceTree = "<group>";
		};
		1F12A20029CDE3E70085A7CC /* Models */ = {
			isa = PBXGroup;
			children = (
				1FB4404B29D18352000F1E26 /* UpcomingApiEntity.swift */,
				1F5C5D0029D44B1A0014FD97 /* MovieInfoApiEntity */,
			);
			path = Models;
			sourceTree = "<group>";
		};
		1F12A20129CDE3ED0085A7CC /* Presenters */ = {
			isa = PBXGroup;
			children = (
				1F12A20429CDE6880085A7CC /* MovieListPresenter.swift */,
				1F9E170529D418DD00BBFFA1 /* MoviesInfoPresenter.swift */,
			);
			path = Presenters;
			sourceTree = "<group>";
		};
		1F12A20229CDE41D0085A7CC /* ViewController */ = {
			isa = PBXGroup;
			children = (
				1F35D66D29D32F28004167A3 /* MoviesInfo */,
				1F12A20329CDE4950085A7CC /* MoviesList */,
			);
			path = ViewController;
			sourceTree = "<group>";
		};
		1F12A20329CDE4950085A7CC /* MoviesList */ = {
			isa = PBXGroup;
			children = (
				1FBB9BD629CDB6FA005ED585 /* MovieListTableViewController.swift */,
			);
			path = MoviesList;
			sourceTree = "<group>";
		};
		1F35D66A29D31A29004167A3 /* Constants */ = {
			isa = PBXGroup;
			children = (
				1F35D66B29D31A3E004167A3 /* Constants.swift */,
			);
			path = Constants;
			sourceTree = "<group>";
		};
		1F35D66D29D32F28004167A3 /* MoviesInfo */ = {
			isa = PBXGroup;
			children = (
				1F35D66E29D32F72004167A3 /* MoviesInfoViewController.swift */,
			);
			path = MoviesInfo;
			sourceTree = "<group>";
		};
		1F5C5D0029D44B1A0014FD97 /* MovieInfoApiEntity */ = {
			isa = PBXGroup;
			children = (
				1F0860FE29D33EF9007CA6FE /* MovieInfoApiEntity.swift */,
				1F5C5D0129D44B370014FD97 /* MovieInfoExtention.swift */,
			);
			path = MovieInfoApiEntity;
			sourceTree = "<group>";
		};
		1F94D5B629CD87F9003BB8C8 = {
			isa = PBXGroup;
			children = (
				1F94D5C129CD87F9003BB8C8 /* TestTask */,
				1F94D5D829CD87FC003BB8C8 /* TestTaskTests */,
				1F94D5E229CD87FC003BB8C8 /* TestTaskUITests */,
				1F94D5C029CD87F9003BB8C8 /* Products */,
			);
			sourceTree = "<group>";
		};
		1F94D5C029CD87F9003BB8C8 /* Products */ = {
			isa = PBXGroup;
			children = (
				1F94D5BF29CD87F9003BB8C8 /* TestTask.app */,
				1F94D5D529CD87FC003BB8C8 /* TestTaskTests.xctest */,
				1F94D5DF29CD87FC003BB8C8 /* TestTaskUITests.xctest */,
			);
			name = Products;
			sourceTree = "<group>";
		};
		1F94D5C129CD87F9003BB8C8 /* TestTask */ = {
			isa = PBXGroup;
			children = (
				1F94D63529CDA0B3003BB8C8 /* AppDelegate */,
				1F94D62729CD9964003BB8C8 /* Enums */,
				1F94D62E29CD9BB8003BB8C8 /* Extention */,
				1FB4406029D18830000F1E26 /* Helpers */,
				1F12A20029CDE3E70085A7CC /* Models */,
				1F12A1F729CDDCF90085A7CC /* Network */,
				1F12A20129CDE3ED0085A7CC /* Presenters */,
				1F94D60D29CD8D16003BB8C8 /* Resources */,
				1FB4404A29D17C07000F1E26 /* Storyboards */,
				1F12A20229CDE41D0085A7CC /* ViewController */,
				1F94D5F329CD8A4F003BB8C8 /* Views */,
			);
			path = TestTask;
			sourceTree = "<group>";
		};
		1F94D5D829CD87FC003BB8C8 /* TestTaskTests */ = {
			isa = PBXGroup;
			children = (
				1F94D5D929CD87FC003BB8C8 /* TestTaskTests.swift */,
			);
			path = TestTaskTests;
			sourceTree = "<group>";
		};
		1F94D5E229CD87FC003BB8C8 /* TestTaskUITests */ = {
			isa = PBXGroup;
			children = (
				1F94D5E329CD87FC003BB8C8 /* TestTaskUITests.swift */,
				1F94D5E529CD87FC003BB8C8 /* TestTaskUITestsLaunchTests.swift */,
			);
			path = TestTaskUITests;
			sourceTree = "<group>";
		};
		1F94D5F329CD8A4F003BB8C8 /* Views */ = {
			isa = PBXGroup;
			children = (
				1F94D64729CDA7A0003BB8C8 /* MoviesList */,
				1F94D5F929CD8B5C003BB8C8 /* Main */,
			);
			path = Views;
			sourceTree = "<group>";
		};
		1F94D5F929CD8B5C003BB8C8 /* Main */ = {
			isa = PBXGroup;
			children = (
				1F94D5FA29CD8B5C003BB8C8 /* MainTabBarPresenter.swift */,
				1F94D5FB29CD8B5C003BB8C8 /* Enum */,
				1F94D5FD29CD8B5C003BB8C8 /* MainTabBarBuilder.swift */,
				1F94D5FE29CD8B5C003BB8C8 /* MainTabBarController.swift */,
				1F94D5FF29CD8B5C003BB8C8 /* MainTabBarInteractor.swift */,
				1F94D60029CD8B5C003BB8C8 /* MainTabBarRouter.swift */,
				1F94D60129CD8B5C003BB8C8 /* MainTabBarWorker.swift */,
				1F94D60229CD8B5C003BB8C8 /* MainTabBarModels.swift */,
				1F94D60329CD8B5C003BB8C8 /* MainTabBarController.storyboard */,
			);
			path = Main;
			sourceTree = "<group>";
		};
		1F94D5FB29CD8B5C003BB8C8 /* Enum */ = {
			isa = PBXGroup;
			children = (
				1F94D5FC29CD8B5C003BB8C8 /* MainTabBarItems.swift */,
			);
			path = Enum;
			sourceTree = "<group>";
		};
		1F94D60D29CD8D16003BB8C8 /* Resources */ = {
			isa = PBXGroup;
			children = (
				1F94D60E29CD8F1D003BB8C8 /* Generated */,
				1F94D62229CD940D003BB8C8 /* String */,
				1F94D5CB29CD87FB003BB8C8 /* Assets.xcassets */,
				1F94D61F29CD9065003BB8C8 /* Colors.xcassets */,
				1F94D5D029CD87FB003BB8C8 /* Info.plist */,
				1F94D5CD29CD87FB003BB8C8 /* LaunchScreen.storyboard */,
			);
			path = Resources;
			sourceTree = "<group>";
		};
		1F94D60E29CD8F1D003BB8C8 /* Generated */ = {
			isa = PBXGroup;
			children = (
				1F94D60F29CD8F1D003BB8C8 /* Strings.swift */,
				1F94D61029CD8F1D003BB8C8 /* Assets.swift */,
			);
			path = Generated;
			sourceTree = "<group>";
		};
		1F94D62229CD940D003BB8C8 /* String */ = {
			isa = PBXGroup;
			children = (
				1F94D62329CD941C003BB8C8 /* en.lproj */,
			);
			path = String;
			sourceTree = "<group>";
		};
		1F94D62329CD941C003BB8C8 /* en.lproj */ = {
			isa = PBXGroup;
			children = (
				1F94D62429CD9458003BB8C8 /* Localizable.strings */,
			);
			path = en.lproj;
			sourceTree = "<group>";
		};
		1F94D62729CD9964003BB8C8 /* Enums */ = {
			isa = PBXGroup;
			children = (
				1F94D62829CD9975003BB8C8 /* Language.swift */,
				1F08610029D342A0007CA6FE /* LanguageType.swift */,
			);
			path = Enums;
			sourceTree = "<group>";
		};
		1F94D62A29CD99B0003BB8C8 /* Manager */ = {
			isa = PBXGroup;
			children = (
				1F94D62B29CD99BD003BB8C8 /* Language */,
			);
			path = Manager;
			sourceTree = "<group>";
		};
		1F94D62B29CD99BD003BB8C8 /* Language */ = {
			isa = PBXGroup;
			children = (
				1F94D62C29CD99BD003BB8C8 /* LanguageManager.swift */,
			);
			path = Language;
			sourceTree = "<group>";
		};
		1F94D62E29CD9BB8003BB8C8 /* Extention */ = {
			isa = PBXGroup;
			children = (
				1FB4406C29D189C0000F1E26 /* String+Extension.swift */,
				1FBB9BDB29CDB84C005ED585 /* Extension+UICollectionView.swift */,
				1FBB9BDA29CDB84C005ED585 /* Extension+UITableView.swift */,
				1F94D63329CD9D68003BB8C8 /* Assets+Extension.swift */,
				1F94D62F29CD9BDE003BB8C8 /* Extension+UIView.swift */,
				1F94D63129CD9C3C003BB8C8 /* Extension+UIViewController.swift */,
			);
			path = Extention;
			sourceTree = "<group>";
		};
		1F94D63529CDA0B3003BB8C8 /* AppDelegate */ = {
			isa = PBXGroup;
			children = (
				1F94D5C229CD87F9003BB8C8 /* AppDelegate.swift */,
			);
			path = AppDelegate;
			sourceTree = "<group>";
		};
		1F94D64729CDA7A0003BB8C8 /* MoviesList */ = {
			isa = PBXGroup;
			children = (
				1F94D64B29CDA818003BB8C8 /* MovieListTableViewCell.swift */,
				1F94D64C29CDA818003BB8C8 /* MovieListTableViewCell.xib */,
			);
			path = MoviesList;
			sourceTree = "<group>";
		};
		1FB4404A29D17C07000F1E26 /* Storyboards */ = {
			isa = PBXGroup;
			children = (
				1FBB9BD829CDB727005ED585 /* MovieListTableViewController.storyboard */,
				1F35D67029D32F94004167A3 /* MoviesInfoViewController.storyboard */,
			);
			path = Storyboards;
			sourceTree = "<group>";
		};
		1FB4404D29D183C5000F1E26 /* Base */ = {
			isa = PBXGroup;
			children = (
				1FB4405829D1879B000F1E26 /* APIService.swift */,
				1FB4405A29D1879C000F1E26 /* HTTPClient.swift */,
				1FB4405929D1879B000F1E26 /* JSONParserServiceProtocol.swift */,
			);
			path = Base;
			sourceTree = "<group>";
		};
		1FB4405229D18514000F1E26 /* Request */ = {
			isa = PBXGroup;
			children = (
				1FB4405329D18556000F1E26 /* UpcomingAPI.swift */,
			);
			path = Request;
			sourceTree = "<group>";
		};
		1FB4405729D18740000F1E26 /* Endpoints */ = {
			isa = PBXGroup;
			children = (
				1FB4404E29D183DA000F1E26 /* ApiEndpoints.swift */,
			);
			path = Endpoints;
			sourceTree = "<group>";
		};
		1FB4406029D18830000F1E26 /* Helpers */ = {
			isa = PBXGroup;
			children = (
				1F35D66A29D31A29004167A3 /* Constants */,
				1FB4406129D18841000F1E26 /* Keychain */,
				1F94D62A29CD99B0003BB8C8 /* Manager */,
			);
			path = Helpers;
			sourceTree = "<group>";
		};
		1FB4406129D18841000F1E26 /* Keychain */ = {
			isa = PBXGroup;
			children = (
				1FB4406429D18865000F1E26 /* Keychain.swift */,
				1FB4406229D18865000F1E26 /* Models */,
				1FB4406529D18865000F1E26 /* SecureStorage.swift */,
			);
			path = Keychain;
			sourceTree = "<group>";
		};
		1FB4406229D18865000F1E26 /* Models */ = {
			isa = PBXGroup;
			children = (
				1FB4406329D18865000F1E26 /* AccessDataEntity.swift */,
			);
			path = Models;
			sourceTree = "<group>";
		};
		1FB4406929D188DA000F1E26 /* Entities */ = {
			isa = PBXGroup;
			children = (
				1FB4406A29D18901000F1E26 /* Base.swift */,
			);
			path = Entities;
			sourceTree = "<group>";
		};
/* End PBXGroup section */

/* Begin PBXNativeTarget section */
		1F94D5BE29CD87F9003BB8C8 /* TestTask */ = {
			isa = PBXNativeTarget;
			buildConfigurationList = 1F94D5E929CD87FC003BB8C8 /* Build configuration list for PBXNativeTarget "TestTask" */;
			buildPhases = (
				1F94D5BB29CD87F9003BB8C8 /* Sources */,
				1F94D5BC29CD87F9003BB8C8 /* Frameworks */,
				1F94D5BD29CD87F9003BB8C8 /* Resources */,
			);
			buildRules = (
			);
			dependencies = (
			);
			name = TestTask;
			productName = TestTask;
			productReference = 1F94D5BF29CD87F9003BB8C8 /* TestTask.app */;
			productType = "com.apple.product-type.application";
		};
		1F94D5D429CD87FC003BB8C8 /* TestTaskTests */ = {
			isa = PBXNativeTarget;
			buildConfigurationList = 1F94D5EC29CD87FC003BB8C8 /* Build configuration list for PBXNativeTarget "TestTaskTests" */;
			buildPhases = (
				1F94D5D129CD87FC003BB8C8 /* Sources */,
				1F94D5D229CD87FC003BB8C8 /* Frameworks */,
				1F94D5D329CD87FC003BB8C8 /* Resources */,
			);
			buildRules = (
			);
			dependencies = (
				1F94D5D729CD87FC003BB8C8 /* PBXTargetDependency */,
			);
			name = TestTaskTests;
			productName = TestTaskTests;
			productReference = 1F94D5D529CD87FC003BB8C8 /* TestTaskTests.xctest */;
			productType = "com.apple.product-type.bundle.unit-test";
		};
		1F94D5DE29CD87FC003BB8C8 /* TestTaskUITests */ = {
			isa = PBXNativeTarget;
			buildConfigurationList = 1F94D5EF29CD87FC003BB8C8 /* Build configuration list for PBXNativeTarget "TestTaskUITests" */;
			buildPhases = (
				1F94D5DB29CD87FC003BB8C8 /* Sources */,
				1F94D5DC29CD87FC003BB8C8 /* Frameworks */,
				1F94D5DD29CD87FC003BB8C8 /* Resources */,
			);
			buildRules = (
			);
			dependencies = (
				1F94D5E129CD87FC003BB8C8 /* PBXTargetDependency */,
			);
			name = TestTaskUITests;
			productName = TestTaskUITests;
			productReference = 1F94D5DF29CD87FC003BB8C8 /* TestTaskUITests.xctest */;
			productType = "com.apple.product-type.bundle.ui-testing";
		};
/* End PBXNativeTarget section */

/* Begin PBXProject section */
		1F94D5B729CD87F9003BB8C8 /* Project object */ = {
			isa = PBXProject;
			attributes = {
				BuildIndependentTargetsInParallel = 1;
				LastSwiftUpdateCheck = 1400;
				LastUpgradeCheck = 1400;
				TargetAttributes = {
					1F94D5BE29CD87F9003BB8C8 = {
						CreatedOnToolsVersion = 14.0;
					};
					1F94D5D429CD87FC003BB8C8 = {
						CreatedOnToolsVersion = 14.0;
						TestTargetID = 1F94D5BE29CD87F9003BB8C8;
					};
					1F94D5DE29CD87FC003BB8C8 = {
						CreatedOnToolsVersion = 14.0;
						TestTargetID = 1F94D5BE29CD87F9003BB8C8;
					};
				};
			};
			buildConfigurationList = 1F94D5BA29CD87F9003BB8C8 /* Build configuration list for PBXProject "TestTask" */;
			compatibilityVersion = "Xcode 14.0";
			developmentRegion = en;
			hasScannedForEncodings = 0;
			knownRegions = (
				en,
				Base,
				tr,
				ru,
			);
			mainGroup = 1F94D5B629CD87F9003BB8C8;
			productRefGroup = 1F94D5C029CD87F9003BB8C8 /* Products */;
			projectDirPath = "";
			projectRoot = "";
			targets = (
				1F94D5BE29CD87F9003BB8C8 /* TestTask */,
				1F94D5D429CD87FC003BB8C8 /* TestTaskTests */,
				1F94D5DE29CD87FC003BB8C8 /* TestTaskUITests */,
			);
		};
/* End PBXProject section */

/* Begin PBXResourcesBuildPhase section */
		1F94D5BD29CD87F9003BB8C8 /* Resources */ = {
			isa = PBXResourcesBuildPhase;
			buildActionMask = 2147483647;
			files = (
				1F35D67129D32F95004167A3 /* MoviesInfoViewController.storyboard in Resources */,
				1F94D64E29CDA818003BB8C8 /* MovieListTableViewCell.xib in Resources */,
				1FBB9BD929CDB727005ED585 /* MovieListTableViewController.storyboard in Resources */,
				1F94D62029CD9065003BB8C8 /* Colors.xcassets in Resources */,
				1F94D62629CD9458003BB8C8 /* Localizable.strings in Resources */,
				1F94D5CF29CD87FB003BB8C8 /* LaunchScreen.storyboard in Resources */,
				1F94D5CC29CD87FB003BB8C8 /* Assets.xcassets in Resources */,
				1F94D60C29CD8B5C003BB8C8 /* MainTabBarController.storyboard in Resources */,
			);
			runOnlyForDeploymentPostprocessing = 0;
		};
		1F94D5D329CD87FC003BB8C8 /* Resources */ = {
			isa = PBXResourcesBuildPhase;
			buildActionMask = 2147483647;
			files = (
			);
			runOnlyForDeploymentPostprocessing = 0;
		};
		1F94D5DD29CD87FC003BB8C8 /* Resources */ = {
			isa = PBXResourcesBuildPhase;
			buildActionMask = 2147483647;
			files = (
			);
			runOnlyForDeploymentPostprocessing = 0;
		};
/* End PBXResourcesBuildPhase section */

/* Begin PBXSourcesBuildPhase section */
		1F94D5BB29CD87F9003BB8C8 /* Sources */ = {
			isa = PBXSourcesBuildPhase;
			buildActionMask = 2147483647;
			files = (
				1FB4406B29D18901000F1E26 /* Base.swift in Sources */,
				1FB4406D29D189C0000F1E26 /* String+Extension.swift in Sources */,
				1FB4405429D18556000F1E26 /* UpcomingAPI.swift in Sources */,
				1FB4405C29D1879C000F1E26 /* APIService.swift in Sources */,
				1F94D63229CD9C3C003BB8C8 /* Extension+UIViewController.swift in Sources */,
				1F5C5D0229D44B370014FD97 /* MovieInfoExtention.swift in Sources */,
				1F94D62D29CD99BD003BB8C8 /* LanguageManager.swift in Sources */,
				1F94D63029CD9BDE003BB8C8 /* Extension+UIView.swift in Sources */,
				1F9E170629D418DD00BBFFA1 /* MoviesInfoPresenter.swift in Sources */,
				1FB4405E29D1879C000F1E26 /* HTTPClient.swift in Sources */,
				1F94D63429CD9D69003BB8C8 /* Assets+Extension.swift in Sources */,
				1F0860FF29D33EF9007CA6FE /* MovieInfoApiEntity.swift in Sources */,
				1F94D61629CD8F1E003BB8C8 /* Strings.swift in Sources */,
				1F94D61729CD8F1E003BB8C8 /* Assets.swift in Sources */,
				1F94D60829CD8B5C003BB8C8 /* MainTabBarInteractor.swift in Sources */,
				1F94D60429CD8B5C003BB8C8 /* MainTabBarPresenter.swift in Sources */,
				1FB4406829D18866000F1E26 /* SecureStorage.swift in Sources */,
				1F12A20529CDE6880085A7CC /* MovieListPresenter.swift in Sources */,
				1FB4404C29D18352000F1E26 /* UpcomingApiEntity.swift in Sources */,
				1FB4406629D18866000F1E26 /* AccessDataEntity.swift in Sources */,
				1F94D60629CD8B5C003BB8C8 /* MainTabBarBuilder.swift in Sources */,
				1F08610129D342A0007CA6FE /* LanguageType.swift in Sources */,
				1F94D60729CD8B5C003BB8C8 /* MainTabBarController.swift in Sources */,
				1FBB9BDC29CDB84C005ED585 /* Extension+UITableView.swift in Sources */,
				1F94D60929CD8B5C003BB8C8 /* MainTabBarRouter.swift in Sources */,
				1FBB9BDD29CDB84C005ED585 /* Extension+UICollectionView.swift in Sources */,
				1F94D62929CD9975003BB8C8 /* Language.swift in Sources */,
				1F35D66C29D31A3E004167A3 /* Constants.swift in Sources */,
				1F94D60A29CD8B5C003BB8C8 /* MainTabBarWorker.swift in Sources */,
				1F35D66F29D32F72004167A3 /* MoviesInfoViewController.swift in Sources */,
				1F94D5C329CD87F9003BB8C8 /* AppDelegate.swift in Sources */,
				1FB4405D29D1879C000F1E26 /* JSONParserServiceProtocol.swift in Sources */,
				1FB4404F29D183DA000F1E26 /* ApiEndpoints.swift in Sources */,
				1FBB9BD729CDB6FA005ED585 /* MovieListTableViewController.swift in Sources */,
				1F94D60529CD8B5C003BB8C8 /* MainTabBarItems.swift in Sources */,
				1F94D64D29CDA818003BB8C8 /* MovieListTableViewCell.swift in Sources */,
				1F94D60B29CD8B5C003BB8C8 /* MainTabBarModels.swift in Sources */,
				1FB4406729D18866000F1E26 /* Keychain.swift in Sources */,
			);
			runOnlyForDeploymentPostprocessing = 0;
		};
		1F94D5D129CD87FC003BB8C8 /* Sources */ = {
			isa = PBXSourcesBuildPhase;
			buildActionMask = 2147483647;
			files = (
				1F94D5DA29CD87FC003BB8C8 /* TestTaskTests.swift in Sources */,
			);
			runOnlyForDeploymentPostprocessing = 0;
		};
		1F94D5DB29CD87FC003BB8C8 /* Sources */ = {
			isa = PBXSourcesBuildPhase;
			buildActionMask = 2147483647;
			files = (
				1F94D5E629CD87FC003BB8C8 /* TestTaskUITestsLaunchTests.swift in Sources */,
				1F94D5E429CD87FC003BB8C8 /* TestTaskUITests.swift in Sources */,
			);
			runOnlyForDeploymentPostprocessing = 0;
		};
/* End PBXSourcesBuildPhase section */

/* Begin PBXTargetDependency section */
		1F94D5D729CD87FC003BB8C8 /* PBXTargetDependency */ = {
			isa = PBXTargetDependency;
			target = 1F94D5BE29CD87F9003BB8C8 /* TestTask */;
			targetProxy = 1F94D5D629CD87FC003BB8C8 /* PBXContainerItemProxy */;
		};
		1F94D5E129CD87FC003BB8C8 /* PBXTargetDependency */ = {
			isa = PBXTargetDependency;
			target = 1F94D5BE29CD87F9003BB8C8 /* TestTask */;
			targetProxy = 1F94D5E029CD87FC003BB8C8 /* PBXContainerItemProxy */;
		};
/* End PBXTargetDependency section */

/* Begin PBXVariantGroup section */
		1F94D5CD29CD87FB003BB8C8 /* LaunchScreen.storyboard */ = {
			isa = PBXVariantGroup;
			children = (
				1F94D5CE29CD87FB003BB8C8 /* Base */,
			);
			name = LaunchScreen.storyboard;
			sourceTree = "<group>";
		};
		1F94D62429CD9458003BB8C8 /* Localizable.strings */ = {
			isa = PBXVariantGroup;
			children = (
				1F94D62529CD9458003BB8C8 /* en */,
			);
			name = Localizable.strings;
			sourceTree = "<group>";
		};
/* End PBXVariantGroup section */

/* Begin XCBuildConfiguration section */
		1F94D5E729CD87FC003BB8C8 /* Debug */ = {
			isa = XCBuildConfiguration;
			buildSettings = {
				ALWAYS_SEARCH_USER_PATHS = NO;
				CLANG_ANALYZER_NONNULL = YES;
				CLANG_ANALYZER_NUMBER_OBJECT_CONVERSION = YES_AGGRESSIVE;
				CLANG_CXX_LANGUAGE_STANDARD = "gnu++20";
				CLANG_ENABLE_MODULES = YES;
				CLANG_ENABLE_OBJC_ARC = YES;
				CLANG_ENABLE_OBJC_WEAK = YES;
				CLANG_WARN_BLOCK_CAPTURE_AUTORELEASING = YES;
				CLANG_WARN_BOOL_CONVERSION = YES;
				CLANG_WARN_COMMA = YES;
				CLANG_WARN_CONSTANT_CONVERSION = YES;
				CLANG_WARN_DEPRECATED_OBJC_IMPLEMENTATIONS = YES;
				CLANG_WARN_DIRECT_OBJC_ISA_USAGE = YES_ERROR;
				CLANG_WARN_DOCUMENTATION_COMMENTS = YES;
				CLANG_WARN_EMPTY_BODY = YES;
				CLANG_WARN_ENUM_CONVERSION = YES;
				CLANG_WARN_INFINITE_RECURSION = YES;
				CLANG_WARN_INT_CONVERSION = YES;
				CLANG_WARN_NON_LITERAL_NULL_CONVERSION = YES;
				CLANG_WARN_OBJC_IMPLICIT_RETAIN_SELF = YES;
				CLANG_WARN_OBJC_LITERAL_CONVERSION = YES;
				CLANG_WARN_OBJC_ROOT_CLASS = YES_ERROR;
				CLANG_WARN_QUOTED_INCLUDE_IN_FRAMEWORK_HEADER = YES;
				CLANG_WARN_RANGE_LOOP_ANALYSIS = YES;
				CLANG_WARN_STRICT_PROTOTYPES = YES;
				CLANG_WARN_SUSPICIOUS_MOVE = YES;
				CLANG_WARN_UNGUARDED_AVAILABILITY = YES_AGGRESSIVE;
				CLANG_WARN_UNREACHABLE_CODE = YES;
				CLANG_WARN__DUPLICATE_METHOD_MATCH = YES;
				COPY_PHASE_STRIP = NO;
				DEBUG_INFORMATION_FORMAT = dwarf;
				ENABLE_STRICT_OBJC_MSGSEND = YES;
				ENABLE_TESTABILITY = YES;
				GCC_C_LANGUAGE_STANDARD = gnu11;
				GCC_DYNAMIC_NO_PIC = NO;
				GCC_NO_COMMON_BLOCKS = YES;
				GCC_OPTIMIZATION_LEVEL = 0;
				GCC_PREPROCESSOR_DEFINITIONS = (
					"DEBUG=1",
					"$(inherited)",
				);
				GCC_WARN_64_TO_32_BIT_CONVERSION = YES;
				GCC_WARN_ABOUT_RETURN_TYPE = YES_ERROR;
				GCC_WARN_UNDECLARED_SELECTOR = YES;
				GCC_WARN_UNINITIALIZED_AUTOS = YES_AGGRESSIVE;
				GCC_WARN_UNUSED_FUNCTION = YES;
				GCC_WARN_UNUSED_VARIABLE = YES;
				IPHONEOS_DEPLOYMENT_TARGET = 16.0;
				MTL_ENABLE_DEBUG_INFO = INCLUDE_SOURCE;
				MTL_FAST_MATH = YES;
				ONLY_ACTIVE_ARCH = YES;
				SDKROOT = iphoneos;
				SWIFT_ACTIVE_COMPILATION_CONDITIONS = DEBUG;
				SWIFT_OPTIMIZATION_LEVEL = "-Onone";
			};
			name = Debug;
		};
		1F94D5E829CD87FC003BB8C8 /* Release */ = {
			isa = XCBuildConfiguration;
			buildSettings = {
				ALWAYS_SEARCH_USER_PATHS = NO;
				CLANG_ANALYZER_NONNULL = YES;
				CLANG_ANALYZER_NUMBER_OBJECT_CONVERSION = YES_AGGRESSIVE;
				CLANG_CXX_LANGUAGE_STANDARD = "gnu++20";
				CLANG_ENABLE_MODULES = YES;
				CLANG_ENABLE_OBJC_ARC = YES;
				CLANG_ENABLE_OBJC_WEAK = YES;
				CLANG_WARN_BLOCK_CAPTURE_AUTORELEASING = YES;
				CLANG_WARN_BOOL_CONVERSION = YES;
				CLANG_WARN_COMMA = YES;
				CLANG_WARN_CONSTANT_CONVERSION = YES;
				CLANG_WARN_DEPRECATED_OBJC_IMPLEMENTATIONS = YES;
				CLANG_WARN_DIRECT_OBJC_ISA_USAGE = YES_ERROR;
				CLANG_WARN_DOCUMENTATION_COMMENTS = YES;
				CLANG_WARN_EMPTY_BODY = YES;
				CLANG_WARN_ENUM_CONVERSION = YES;
				CLANG_WARN_INFINITE_RECURSION = YES;
				CLANG_WARN_INT_CONVERSION = YES;
				CLANG_WARN_NON_LITERAL_NULL_CONVERSION = YES;
				CLANG_WARN_OBJC_IMPLICIT_RETAIN_SELF = YES;
				CLANG_WARN_OBJC_LITERAL_CONVERSION = YES;
				CLANG_WARN_OBJC_ROOT_CLASS = YES_ERROR;
				CLANG_WARN_QUOTED_INCLUDE_IN_FRAMEWORK_HEADER = YES;
				CLANG_WARN_RANGE_LOOP_ANALYSIS = YES;
				CLANG_WARN_STRICT_PROTOTYPES = YES;
				CLANG_WARN_SUSPICIOUS_MOVE = YES;
				CLANG_WARN_UNGUARDED_AVAILABILITY = YES_AGGRESSIVE;
				CLANG_WARN_UNREACHABLE_CODE = YES;
				CLANG_WARN__DUPLICATE_METHOD_MATCH = YES;
				COPY_PHASE_STRIP = NO;
				DEBUG_INFORMATION_FORMAT = "dwarf-with-dsym";
				ENABLE_NS_ASSERTIONS = NO;
				ENABLE_STRICT_OBJC_MSGSEND = YES;
				GCC_C_LANGUAGE_STANDARD = gnu11;
				GCC_NO_COMMON_BLOCKS = YES;
				GCC_WARN_64_TO_32_BIT_CONVERSION = YES;
				GCC_WARN_ABOUT_RETURN_TYPE = YES_ERROR;
				GCC_WARN_UNDECLARED_SELECTOR = YES;
				GCC_WARN_UNINITIALIZED_AUTOS = YES_AGGRESSIVE;
				GCC_WARN_UNUSED_FUNCTION = YES;
				GCC_WARN_UNUSED_VARIABLE = YES;
				IPHONEOS_DEPLOYMENT_TARGET = 16.0;
				MTL_ENABLE_DEBUG_INFO = NO;
				MTL_FAST_MATH = YES;
				SDKROOT = iphoneos;
				SWIFT_COMPILATION_MODE = wholemodule;
				SWIFT_OPTIMIZATION_LEVEL = "-O";
				VALIDATE_PRODUCT = YES;
			};
			name = Release;
		};
		1F94D5EA29CD87FC003BB8C8 /* Debug */ = {
			isa = XCBuildConfiguration;
			buildSettings = {
				ASSETCATALOG_COMPILER_APPICON_NAME = AppIcon;
				ASSETCATALOG_COMPILER_GLOBAL_ACCENT_COLOR_NAME = AccentColor;
				CODE_SIGN_STYLE = Automatic;
				CURRENT_PROJECT_VERSION = 1;
				DEVELOPMENT_TEAM = W73G89PCSD;
				GENERATE_INFOPLIST_FILE = YES;
				INFOPLIST_FILE = TestTask/Resources/Info.plist;
				INFOPLIST_KEY_UIApplicationSupportsIndirectInputEvents = YES;
				INFOPLIST_KEY_UILaunchStoryboardName = LaunchScreen;
				INFOPLIST_KEY_UISupportedInterfaceOrientations_iPad = "UIInterfaceOrientationPortrait UIInterfaceOrientationPortraitUpsideDown UIInterfaceOrientationLandscapeLeft UIInterfaceOrientationLandscapeRight";
				INFOPLIST_KEY_UISupportedInterfaceOrientations_iPhone = "UIInterfaceOrientationPortrait UIInterfaceOrientationLandscapeLeft UIInterfaceOrientationLandscapeRight";
				LD_RUNPATH_SEARCH_PATHS = (
					"$(inherited)",
					"@executable_path/Frameworks",
				);
				MARKETING_VERSION = 1.0;
				PRODUCT_BUNDLE_IDENTIFIER = lampa.TestTask;
				PRODUCT_NAME = "$(TARGET_NAME)";
				SWIFT_EMIT_LOC_STRINGS = YES;
				SWIFT_VERSION = 5.0;
				TARGETED_DEVICE_FAMILY = "1,2";
			};
			name = Debug;
		};
		1F94D5EB29CD87FC003BB8C8 /* Release */ = {
			isa = XCBuildConfiguration;
			buildSettings = {
				ASSETCATALOG_COMPILER_APPICON_NAME = AppIcon;
				ASSETCATALOG_COMPILER_GLOBAL_ACCENT_COLOR_NAME = AccentColor;
				CODE_SIGN_STYLE = Automatic;
				CURRENT_PROJECT_VERSION = 1;
				DEVELOPMENT_TEAM = W73G89PCSD;
				GENERATE_INFOPLIST_FILE = YES;
				INFOPLIST_FILE = TestTask/Resources/Info.plist;
				INFOPLIST_KEY_UIApplicationSupportsIndirectInputEvents = YES;
				INFOPLIST_KEY_UILaunchStoryboardName = LaunchScreen;
				INFOPLIST_KEY_UISupportedInterfaceOrientations_iPad = "UIInterfaceOrientationPortrait UIInterfaceOrientationPortraitUpsideDown UIInterfaceOrientationLandscapeLeft UIInterfaceOrientationLandscapeRight";
				INFOPLIST_KEY_UISupportedInterfaceOrientations_iPhone = "UIInterfaceOrientationPortrait UIInterfaceOrientationLandscapeLeft UIInterfaceOrientationLandscapeRight";
				LD_RUNPATH_SEARCH_PATHS = (
					"$(inherited)",
					"@executable_path/Frameworks",
				);
				MARKETING_VERSION = 1.0;
				PRODUCT_BUNDLE_IDENTIFIER = lampa.TestTask;
				PRODUCT_NAME = "$(TARGET_NAME)";
				SWIFT_EMIT_LOC_STRINGS = YES;
				SWIFT_VERSION = 5.0;
				TARGETED_DEVICE_FAMILY = "1,2";
			};
			name = Release;
		};
		1F94D5ED29CD87FC003BB8C8 /* Debug */ = {
			isa = XCBuildConfiguration;
			buildSettings = {
				ALWAYS_EMBED_SWIFT_STANDARD_LIBRARIES = YES;
				BUNDLE_LOADER = "$(TEST_HOST)";
				CODE_SIGN_STYLE = Automatic;
				CURRENT_PROJECT_VERSION = 1;
				DEVELOPMENT_TEAM = W73G89PCSD;
				GENERATE_INFOPLIST_FILE = YES;
				IPHONEOS_DEPLOYMENT_TARGET = 16.0;
				MARKETING_VERSION = 1.0;
				PRODUCT_BUNDLE_IDENTIFIER = lampa.TestTaskTests;
				PRODUCT_NAME = "$(TARGET_NAME)";
				SWIFT_EMIT_LOC_STRINGS = NO;
				SWIFT_VERSION = 5.0;
				TARGETED_DEVICE_FAMILY = "1,2";
				TEST_HOST = "$(BUILT_PRODUCTS_DIR)/TestTask.app/$(BUNDLE_EXECUTABLE_FOLDER_PATH)/TestTask";
			};
			name = Debug;
		};
		1F94D5EE29CD87FC003BB8C8 /* Release */ = {
			isa = XCBuildConfiguration;
			buildSettings = {
				ALWAYS_EMBED_SWIFT_STANDARD_LIBRARIES = YES;
				BUNDLE_LOADER = "$(TEST_HOST)";
				CODE_SIGN_STYLE = Automatic;
				CURRENT_PROJECT_VERSION = 1;
				DEVELOPMENT_TEAM = W73G89PCSD;
				GENERATE_INFOPLIST_FILE = YES;
				IPHONEOS_DEPLOYMENT_TARGET = 16.0;
				MARKETING_VERSION = 1.0;
				PRODUCT_BUNDLE_IDENTIFIER = lampa.TestTaskTests;
				PRODUCT_NAME = "$(TARGET_NAME)";
				SWIFT_EMIT_LOC_STRINGS = NO;
				SWIFT_VERSION = 5.0;
				TARGETED_DEVICE_FAMILY = "1,2";
				TEST_HOST = "$(BUILT_PRODUCTS_DIR)/TestTask.app/$(BUNDLE_EXECUTABLE_FOLDER_PATH)/TestTask";
			};
			name = Release;
		};
		1F94D5F029CD87FC003BB8C8 /* Debug */ = {
			isa = XCBuildConfiguration;
			buildSettings = {
				ALWAYS_EMBED_SWIFT_STANDARD_LIBRARIES = YES;
				CODE_SIGN_STYLE = Automatic;
				CURRENT_PROJECT_VERSION = 1;
				DEVELOPMENT_TEAM = W73G89PCSD;
				GENERATE_INFOPLIST_FILE = YES;
				MARKETING_VERSION = 1.0;
				PRODUCT_BUNDLE_IDENTIFIER = lampa.TestTaskUITests;
				PRODUCT_NAME = "$(TARGET_NAME)";
				SWIFT_EMIT_LOC_STRINGS = NO;
				SWIFT_VERSION = 5.0;
				TARGETED_DEVICE_FAMILY = "1,2";
				TEST_TARGET_NAME = TestTask;
			};
			name = Debug;
		};
		1F94D5F129CD87FC003BB8C8 /* Release */ = {
			isa = XCBuildConfiguration;
			buildSettings = {
				ALWAYS_EMBED_SWIFT_STANDARD_LIBRARIES = YES;
				CODE_SIGN_STYLE = Automatic;
				CURRENT_PROJECT_VERSION = 1;
				DEVELOPMENT_TEAM = W73G89PCSD;
				GENERATE_INFOPLIST_FILE = YES;
				MARKETING_VERSION = 1.0;
				PRODUCT_BUNDLE_IDENTIFIER = lampa.TestTaskUITests;
				PRODUCT_NAME = "$(TARGET_NAME)";
				SWIFT_EMIT_LOC_STRINGS = NO;
				SWIFT_VERSION = 5.0;
				TARGETED_DEVICE_FAMILY = "1,2";
				TEST_TARGET_NAME = TestTask;
			};
			name = Release;
		};
/* End XCBuildConfiguration section */

/* Begin XCConfigurationList section */
		1F94D5BA29CD87F9003BB8C8 /* Build configuration list for PBXProject "TestTask" */ = {
			isa = XCConfigurationList;
			buildConfigurations = (
				1F94D5E729CD87FC003BB8C8 /* Debug */,
				1F94D5E829CD87FC003BB8C8 /* Release */,
			);
			defaultConfigurationIsVisible = 0;
			defaultConfigurationName = Release;
		};
		1F94D5E929CD87FC003BB8C8 /* Build configuration list for PBXNativeTarget "TestTask" */ = {
			isa = XCConfigurationList;
			buildConfigurations = (
				1F94D5EA29CD87FC003BB8C8 /* Debug */,
				1F94D5EB29CD87FC003BB8C8 /* Release */,
			);
			defaultConfigurationIsVisible = 0;
			defaultConfigurationName = Release;
		};
		1F94D5EC29CD87FC003BB8C8 /* Build configuration list for PBXNativeTarget "TestTaskTests" */ = {
			isa = XCConfigurationList;
			buildConfigurations = (
				1F94D5ED29CD87FC003BB8C8 /* Debug */,
				1F94D5EE29CD87FC003BB8C8 /* Release */,
			);
			defaultConfigurationIsVisible = 0;
			defaultConfigurationName = Release;
		};
		1F94D5EF29CD87FC003BB8C8 /* Build configuration list for PBXNativeTarget "TestTaskUITests" */ = {
			isa = XCConfigurationList;
			buildConfigurations = (
				1F94D5F029CD87FC003BB8C8 /* Debug */,
				1F94D5F129CD87FC003BB8C8 /* Release */,
			);
			defaultConfigurationIsVisible = 0;
			defaultConfigurationName = Release;
		};
/* End XCConfigurationList section */
	};
	rootObject = 1F94D5B729CD87F9003BB8C8 /* Project object */;
}
